PODS:
  - Alamofire (4.8.2)
  - Kingfisher (5.15.0):
    - Kingfisher/Core (= 5.15.0)
  - Kingfisher/Core (5.15.0)
  - ObjectMapper (4.2.0)
  - Realm (4.3.0):
    - Realm/Headers (= 4.3.0)
  - Realm/Headers (4.3.0)
  - RealmSwift (4.3.0):
    - Realm (= 4.3.0)
  - SwiftLint (0.40.0)

DEPENDENCIES:
  - Alamofire (= 4.8.2)
  - Kingfisher
  - ObjectMapper
  - RealmSwift
  - SwiftLint

SPEC REPOS:
  trunk:
    - Alamofire
    - Kingfisher
    - ObjectMapper
    - Realm
    - RealmSwift
    - SwiftLint

SPEC CHECKSUMS:
  Alamofire: ae5c501addb7afdbb13687d7f2f722c78734c2d3
  Kingfisher: 1acb67597a520c2d0310677e66d6e0af455ef757
  ObjectMapper: 1eb41f610210777375fa806bf161dc39fb832b81
  Realm: 9357c3589555793e1860a7104a7412bca4a48d99
  RealmSwift: 402f1e379a8ef82c635313037b043f0f06de880c
  SwiftLint: 4154893c73a4c52d6240195507eb7a3e3c64087e

PODFILE CHECKSUM: 5f30fa9d82465348094bb69f1a75eb8016eaf6b3

COCOAPODS: 1.9.3
