PODS:
  - Alamofire (4.8.2)
  - ObjectMapper (4.2.0)
  - Realm (5.4.0):
    - Realm/Headers (= 5.4.0)
  - Realm/Headers (5.4.0)
  - RealmSwift (5.4.0):
    - Realm (= 5.4.0)
  - SwiftLint (0.40.2)

DEPENDENCIES:
  - Alamofire (= 4.8.2)
  - ObjectMapper
  - RealmSwift
  - SwiftLint

SPEC REPOS:
  trunk:
    - Alamofire
    - ObjectMapper
    - Realm
    - RealmSwift
    - SwiftLint

SPEC CHECKSUMS:
  Alamofire: ae5c501addb7afdbb13687d7f2f722c78734c2d3
  ObjectMapper: 1eb41f610210777375fa806bf161dc39fb832b81
  Realm: 8949757d76e2451a53d727954c607e49c2542b77
  RealmSwift: 0b7d7121e842724188123c6086831ae6d2952050
  SwiftLint: 1216c910d27c2633ade33b4f071bb6b930982e62

PODFILE CHECKSUM: c4fe9f2adc079a7bf7b850370d09e87831d36617

COCOAPODS: 1.8.4
